
Microsoft Visual Studio Solution File, Format Version 12.00
# Visual Studio Version 17
VisualStudioVersion = 17.0.31903.59
MinimumVisualStudioVersion = 10.0.40219.1
Project("{2150E333-8FDC-42A3-9474-1A3956D46DE8}") = "src", "src", "{827E0CD3-B72D-47B6-A68D-7590B98EB39B}"
EndProject
Project("{2150E333-8FDC-42A3-9474-1A3956D46DE8}") = "backend", "backend", "{FE360695-3F2B-1049-3887-35FBB5135923}"
EndProject
Project("{FAE04EC0-301F-11D3-BF4B-00C04F79EFBC}") = "JackLimited.Api", "src\backend\JackLimited.Api\JackLimited.Api.csproj", "{CD2D2900-642C-4121-B3EE-035D6DEBCAE7}"
EndProject
Project("{FAE04EC0-301F-11D3-BF4B-00C04F79EFBC}") = "JackLimited.Application", "src\backend\JackLimited.Application\JackLimited.Application.csproj", "{4A08202B-A084-4B94-ACE0-A6C3504D536D}"
EndProject
Project("{FAE04EC0-301F-11D3-BF4B-00C04F79EFBC}") = "JackLimited.Domain", "src\backend\JackLimited.Domain\JackLimited.Domain.csproj", "{FED723A8-C3D0-4FFF-865B-F449B31B2D93}"
EndProject
Project("{FAE04EC0-301F-11D3-BF4B-00C04F79EFBC}") = "JackLimited.Infrastructure", "src\backend\JackLimited.Infrastructure\JackLimited.Infrastructure.csproj", "{60E1020E-3BC5-4E45-A342-7D4E4F486984}"
EndProject
Project("{FAE04EC0-301F-11D3-BF4B-00C04F79EFBC}") = "JackLimited.Tests", "src\backend\JackLimited.Tests\JackLimited.Tests.csproj", "{BD194F5F-D2D2-4D38-AB1D-B003458A4085}"
EndProject
Global
	GlobalSection(SolutionConfigurationPlatforms) = preSolution
		Debug|Any CPU = Debug|Any CPU
		Debug|x64 = Debug|x64
		Debug|x86 = Debug|x86
		Release|Any CPU = Release|Any CPU
		Release|x64 = Release|x64
		Release|x86 = Release|x86
	EndGlobalSection
	GlobalSection(ProjectConfigurationPlatforms) = postSolution
		{CD2D2900-642C-4121-B3EE-035D6DEBCAE7}.Debug|Any CPU.ActiveCfg = Debug|Any CPU
		{CD2D2900-642C-4121-B3EE-035D6DEBCAE7}.Debug|Any CPU.Build.0 = Debug|Any CPU
		{CD2D2900-642C-4121-B3EE-035D6DEBCAE7}.Debug|x64.ActiveCfg = Debug|Any CPU
		{CD2D2900-642C-4121-B3EE-035D6DEBCAE7}.Debug|x64.Build.0 = Debug|Any CPU
		{CD2D2900-642C-4121-B3EE-035D6DEBCAE7}.Debug|x86.ActiveCfg = Debug|Any CPU
		{CD2D2900-642C-4121-B3EE-035D6DEBCAE7}.Debug|x86.Build.0 = Debug|Any CPU
		{CD2D2900-642C-4121-B3EE-035D6DEBCAE7}.Release|Any CPU.ActiveCfg = Release|Any CPU
		{CD2D2900-642C-4121-B3EE-035D6DEBCAE7}.Release|Any CPU.Build.0 = Release|Any CPU
		{CD2D2900-642C-4121-B3EE-035D6DEBCAE7}.Release|x64.ActiveCfg = Release|Any CPU
		{CD2D2900-642C-4121-B3EE-035D6DEBCAE7}.Release|x64.Build.0 = Release|Any CPU
		{CD2D2900-642C-4121-B3EE-035D6DEBCAE7}.Release|x86.ActiveCfg = Release|Any CPU
		{CD2D2900-642C-4121-B3EE-035D6DEBCAE7}.Release|x86.Build.0 = Release|Any CPU
		{4A08202B-A084-4B94-ACE0-A6C3504D536D}.Debug|Any CPU.ActiveCfg = Debug|Any CPU
		{4A08202B-A084-4B94-ACE0-A6C3504D536D}.Debug|Any CPU.Build.0 = Debug|Any CPU
		{4A08202B-A084-4B94-ACE0-A6C3504D536D}.Debug|x64.ActiveCfg = Debug|Any CPU
		{4A08202B-A084-4B94-ACE0-A6C3504D536D}.Debug|x64.Build.0 = Debug|Any CPU
		{4A08202B-A084-4B94-ACE0-A6C3504D536D}.Debug|x86.ActiveCfg = Debug|Any CPU
		{4A08202B-A084-4B94-ACE0-A6C3504D536D}.Debug|x86.Build.0 = Debug|Any CPU
		{4A08202B-A084-4B94-ACE0-A6C3504D536D}.Release|Any CPU.ActiveCfg = Release|Any CPU
		{4A08202B-A084-4B94-ACE0-A6C3504D536D}.Release|Any CPU.Build.0 = Release|Any CPU
		{4A08202B-A084-4B94-ACE0-A6C3504D536D}.Release|x64.ActiveCfg = Release|Any CPU
		{4A08202B-A084-4B94-ACE0-A6C3504D536D}.Release|x64.Build.0 = Release|Any CPU
		{4A08202B-A084-4B94-ACE0-A6C3504D536D}.Release|x86.ActiveCfg = Release|Any CPU
		{4A08202B-A084-4B94-ACE0-A6C3504D536D}.Release|x86.Build.0 = Release|Any CPU
		{FED723A8-C3D0-4FFF-865B-F449B31B2D93}.Debug|Any CPU.ActiveCfg = Debug|Any CPU
		{FED723A8-C3D0-4FFF-865B-F449B31B2D93}.Debug|Any CPU.Build.0 = Debug|Any CPU
		{FED723A8-C3D0-4FFF-865B-F449B31B2D93}.Debug|x64.ActiveCfg = Debug|Any CPU
		{FED723A8-C3D0-4FFF-865B-F449B31B2D93}.Debug|x64.Build.0 = Debug|Any CPU
		{FED723A8-C3D0-4FFF-865B-F449B31B2D93}.Debug|x86.ActiveCfg = Debug|Any CPU
		{FED723A8-C3D0-4FFF-865B-F449B31B2D93}.Debug|x86.Build.0 = Debug|Any CPU
		{FED723A8-C3D0-4FFF-865B-F449B31B2D93}.Release|Any CPU.ActiveCfg = Release|Any CPU
		{FED723A8-C3D0-4FFF-865B-F449B31B2D93}.Release|Any CPU.Build.0 = Release|Any CPU
		{FED723A8-C3D0-4FFF-865B-F449B31B2D93}.Release|x64.ActiveCfg = Release|Any CPU
		{FED723A8-C3D0-4FFF-865B-F449B31B2D93}.Release|x64.Build.0 = Release|Any CPU
		{FED723A8-C3D0-4FFF-865B-F449B31B2D93}.Release|x86.ActiveCfg = Release|Any CPU
		{FED723A8-C3D0-4FFF-865B-F449B31B2D93}.Release|x86.Build.0 = Release|Any CPU
		{60E1020E-3BC5-4E45-A342-7D4E4F486984}.Debug|Any CPU.ActiveCfg = Debug|Any CPU
		{60E1020E-3BC5-4E45-A342-7D4E4F486984}.Debug|Any CPU.Build.0 = Debug|Any CPU
		{60E1020E-3BC5-4E45-A342-7D4E4F486984}.Debug|x64.ActiveCfg = Debug|Any CPU
		{60E1020E-3BC5-4E45-A342-7D4E4F486984}.Debug|x64.Build.0 = Debug|Any CPU
		{60E1020E-3BC5-4E45-A342-7D4E4F486984}.Debug|x86.ActiveCfg = Debug|Any CPU
		{60E1020E-3BC5-4E45-A342-7D4E4F486984}.Debug|x86.Build.0 = Debug|Any CPU
		{60E1020E-3BC5-4E45-A342-7D4E4F486984}.Release|Any CPU.ActiveCfg = Release|Any CPU
		{60E1020E-3BC5-4E45-A342-7D4E4F486984}.Release|Any CPU.Build.0 = Release|Any CPU
		{60E1020E-3BC5-4E45-A342-7D4E4F486984}.Release|x64.ActiveCfg = Release|Any CPU
		{60E1020E-3BC5-4E45-A342-7D4E4F486984}.Release|x64.Build.0 = Release|Any CPU
		{60E1020E-3BC5-4E45-A342-7D4E4F486984}.Release|x86.ActiveCfg = Release|Any CPU
		{60E1020E-3BC5-4E45-A342-7D4E4F486984}.Release|x86.Build.0 = Release|Any CPU
		{BD194F5F-D2D2-4D38-AB1D-B003458A4085}.Debug|Any CPU.ActiveCfg = Debug|Any CPU
		{BD194F5F-D2D2-4D38-AB1D-B003458A4085}.Debug|Any CPU.Build.0 = Debug|Any CPU
		{BD194F5F-D2D2-4D38-AB1D-B003458A4085}.Debug|x64.ActiveCfg = Debug|Any CPU
		{BD194F5F-D2D2-4D38-AB1D-B003458A4085}.Debug|x64.Build.0 = Debug|Any CPU
		{BD194F5F-D2D2-4D38-AB1D-B003458A4085}.Debug|x86.ActiveCfg = Debug|Any CPU
		{BD194F5F-D2D2-4D38-AB1D-B003458A4085}.Debug|x86.Build.0 = Debug|Any CPU
		{BD194F5F-D2D2-4D38-AB1D-B003458A4085}.Release|Any CPU.ActiveCfg = Release|Any CPU
		{BD194F5F-D2D2-4D38-AB1D-B003458A4085}.Release|Any CPU.Build.0 = Release|Any CPU
		{BD194F5F-D2D2-4D38-AB1D-B003458A4085}.Release|x64.ActiveCfg = Release|Any CPU
		{BD194F5F-D2D2-4D38-AB1D-B003458A4085}.Release|x64.Build.0 = Release|Any CPU
		{BD194F5F-D2D2-4D38-AB1D-B003458A4085}.Release|x86.ActiveCfg = Release|Any CPU
		{BD194F5F-D2D2-4D38-AB1D-B003458A4085}.Release|x86.Build.0 = Release|Any CPU
	EndGlobalSection
	GlobalSection(SolutionProperties) = preSolution
		HideSolutionNode = FALSE
	EndGlobalSection
	GlobalSection(NestedProjects) = preSolution
		{FE360695-3F2B-1049-3887-35FBB5135923} = {827E0CD3-B72D-47B6-A68D-7590B98EB39B}
		{CD2D2900-642C-4121-B3EE-035D6DEBCAE7} = {FE360695-3F2B-1049-3887-35FBB5135923}
		{4A08202B-A084-4B94-ACE0-A6C3504D536D} = {FE360695-3F2B-1049-3887-35FBB5135923}
		{FED723A8-C3D0-4FFF-865B-F449B31B2D93} = {FE360695-3F2B-1049-3887-35FBB5135923}
		{60E1020E-3BC5-4E45-A342-7D4E4F486984} = {FE360695-3F2B-1049-3887-35FBB5135923}
		{BD194F5F-D2D2-4D38-AB1D-B003458A4085} = {FE360695-3F2B-1049-3887-35FBB5135923}
	EndGlobalSection
EndGlobal
